
Microsoft Visual Studio Solution File, Format Version 12.00
# Visual Studio 14
VisualStudioVersion = 14.0.25420.1
MinimumVisualStudioVersion = 10.0.40219.1
Project("{2150E333-8FDC-42A3-9474-1A3956D46DE8}") = "0-Presentation", "0-Presentation", "{D1C14423-4393-462D-B918-321EFEE7A0C5}"
EndProject
Project("{2150E333-8FDC-42A3-9474-1A3956D46DE8}") = "1-Services", "1-Services", "{6BD80A4D-132B-40B2-AE12-173EB8E816DB}"
EndProject
Project("{2150E333-8FDC-42A3-9474-1A3956D46DE8}") = "2-Application", "2-Application", "{9198F630-AB55-4C15-A2F1-BAC75BA6BD77}"
EndProject
Project("{2150E333-8FDC-42A3-9474-1A3956D46DE8}") = "3-Domain", "3-Domain", "{8B8196B6-BBBD-4586-BA47-B25F7A51C1E0}"
EndProject
Project("{2150E333-8FDC-42A3-9474-1A3956D46DE8}") = "4-Infra", "4-Infra", "{4C722D78-F704-44DB-B428-8E6AE676772E}"
EndProject
Project("{2150E333-8FDC-42A3-9474-1A3956D46DE8}") = "4-1-Data", "4-1-Data", "{D4F4668B-60A0-494C-A783-639ED499A3C3}"
EndProject
Project("{FAE04EC0-301F-11D3-BF4B-00C04F79EFBC}") = "SiriusWebDDD.UI.MVC", "SiriusWebDDD.UI.MVC\SiriusWebDDD.UI.MVC.csproj", "{92F09834-4404-4EBF-914D-D02FBB8C2A53}"
EndProject
Project("{FAE04EC0-301F-11D3-BF4B-00C04F79EFBC}") = "SiriusWebDDD.Domain", "SiriusWebDDD.Domain\SiriusWebDDD.Domain.csproj", "{C8D3E34F-23A2-44D7-A151-6E5F2AF62081}"
EndProject
Project("{FAE04EC0-301F-11D3-BF4B-00C04F79EFBC}") = "SiriusWebDDD.Infra.Data", "SiriusWebDDD.Infra.Data\SiriusWebDDD.Infra.Data.csproj", "{FC42823D-B4D8-418B-AB4A-834E706449BA}"
EndProject
Project("{FAE04EC0-301F-11D3-BF4B-00C04F79EFBC}") = "SiriusWebDDD.Application", "SiriusWebDDD.Application\SiriusWebDDD.Application.csproj", "{721E716B-986B-457A-86F6-E7C40E4EF603}"
EndProject
Project("{FAE04EC0-301F-11D3-BF4B-00C04F79EFBC}") = "SiriusWebDDD.Infra.IoC", "SiriusWebDDD.Infra.IoC\SiriusWebDDD.Infra.IoC.csproj", "{A120A8A3-0C55-40B8-AF6B-298D29CD49D7}"
EndProject
Project("{2150E333-8FDC-42A3-9474-1A3956D46DE8}") = "4-2-IoC", "4-2-IoC", "{DA41E760-C605-4CF8-BE67-E910212BC611}"
EndProject
Global
	GlobalSection(SolutionConfigurationPlatforms) = preSolution
		Debug|Any CPU = Debug|Any CPU
		Release|Any CPU = Release|Any CPU
	EndGlobalSection
	GlobalSection(ProjectConfigurationPlatforms) = postSolution
		{92F09834-4404-4EBF-914D-D02FBB8C2A53}.Debug|Any CPU.ActiveCfg = Debug|Any CPU
		{92F09834-4404-4EBF-914D-D02FBB8C2A53}.Debug|Any CPU.Build.0 = Debug|Any CPU
		{92F09834-4404-4EBF-914D-D02FBB8C2A53}.Release|Any CPU.ActiveCfg = Release|Any CPU
		{92F09834-4404-4EBF-914D-D02FBB8C2A53}.Release|Any CPU.Build.0 = Release|Any CPU
		{C8D3E34F-23A2-44D7-A151-6E5F2AF62081}.Debug|Any CPU.ActiveCfg = Debug|Any CPU
		{C8D3E34F-23A2-44D7-A151-6E5F2AF62081}.Debug|Any CPU.Build.0 = Debug|Any CPU
		{C8D3E34F-23A2-44D7-A151-6E5F2AF62081}.Release|Any CPU.ActiveCfg = Release|Any CPU
		{C8D3E34F-23A2-44D7-A151-6E5F2AF62081}.Release|Any CPU.Build.0 = Release|Any CPU
		{FC42823D-B4D8-418B-AB4A-834E706449BA}.Debug|Any CPU.ActiveCfg = Debug|Any CPU
		{FC42823D-B4D8-418B-AB4A-834E706449BA}.Debug|Any CPU.Build.0 = Debug|Any CPU
		{FC42823D-B4D8-418B-AB4A-834E706449BA}.Release|Any CPU.ActiveCfg = Release|Any CPU
		{FC42823D-B4D8-418B-AB4A-834E706449BA}.Release|Any CPU.Build.0 = Release|Any CPU
		{721E716B-986B-457A-86F6-E7C40E4EF603}.Debug|Any CPU.ActiveCfg = Debug|Any CPU
		{721E716B-986B-457A-86F6-E7C40E4EF603}.Debug|Any CPU.Build.0 = Debug|Any CPU
		{721E716B-986B-457A-86F6-E7C40E4EF603}.Release|Any CPU.ActiveCfg = Release|Any CPU
		{721E716B-986B-457A-86F6-E7C40E4EF603}.Release|Any CPU.Build.0 = Release|Any CPU
		{A120A8A3-0C55-40B8-AF6B-298D29CD49D7}.Debug|Any CPU.ActiveCfg = Debug|Any CPU
		{A120A8A3-0C55-40B8-AF6B-298D29CD49D7}.Debug|Any CPU.Build.0 = Debug|Any CPU
		{A120A8A3-0C55-40B8-AF6B-298D29CD49D7}.Release|Any CPU.ActiveCfg = Release|Any CPU
		{A120A8A3-0C55-40B8-AF6B-298D29CD49D7}.Release|Any CPU.Build.0 = Release|Any CPU
	EndGlobalSection
	GlobalSection(SolutionProperties) = preSolution
		HideSolutionNode = FALSE
	EndGlobalSection
	GlobalSection(NestedProjects) = preSolution
		{D4F4668B-60A0-494C-A783-639ED499A3C3} = {4C722D78-F704-44DB-B428-8E6AE676772E}
		{92F09834-4404-4EBF-914D-D02FBB8C2A53} = {D1C14423-4393-462D-B918-321EFEE7A0C5}
		{C8D3E34F-23A2-44D7-A151-6E5F2AF62081} = {8B8196B6-BBBD-4586-BA47-B25F7A51C1E0}
		{FC42823D-B4D8-418B-AB4A-834E706449BA} = {D4F4668B-60A0-494C-A783-639ED499A3C3}
		{721E716B-986B-457A-86F6-E7C40E4EF603} = {9198F630-AB55-4C15-A2F1-BAC75BA6BD77}
		{A120A8A3-0C55-40B8-AF6B-298D29CD49D7} = {DA41E760-C605-4CF8-BE67-E910212BC611}
		{DA41E760-C605-4CF8-BE67-E910212BC611} = {4C722D78-F704-44DB-B428-8E6AE676772E}
	EndGlobalSection
EndGlobal
